
Microsoft Visual Studio Solution File, Format Version 12.00
# Visual Studio Version 17
VisualStudioVersion = 17.0.32126.317
MinimumVisualStudioVersion = 10.0.40219.1
Project("{FAE04EC0-301F-11D3-BF4B-00C04F79EFBC}") = "Tarea09", "Tarea09\Tarea09.csproj", "{3E8AAB1D-2023-4531-9FA5-E825D1ABBF12}"
EndProject
Global
	GlobalSection(SolutionConfigurationPlatforms) = preSolution
		Debug|Any CPU = Debug|Any CPU
		Release|Any CPU = Release|Any CPU
	EndGlobalSection
	GlobalSection(ProjectConfigurationPlatforms) = postSolution
		{3E8AAB1D-2023-4531-9FA5-E825D1ABBF12}.Debug|Any CPU.ActiveCfg = Debug|Any CPU
		{3E8AAB1D-2023-4531-9FA5-E825D1ABBF12}.Debug|Any CPU.Build.0 = Debug|Any CPU
		{3E8AAB1D-2023-4531-9FA5-E825D1ABBF12}.Release|Any CPU.ActiveCfg = Release|Any CPU
		{3E8AAB1D-2023-4531-9FA5-E825D1ABBF12}.Release|Any CPU.Build.0 = Release|Any CPU
	EndGlobalSection
	GlobalSection(SolutionProperties) = preSolution
		HideSolutionNode = FALSE
	EndGlobalSection
	GlobalSection(ExtensibilityGlobals) = postSolution
		SolutionGuid = {38F2C450-8BAC-4CD5-AF33-EE00FE6E95F5}
	EndGlobalSection
EndGlobal
