
Microsoft Visual Studio Solution File, Format Version 12.00
# Visual Studio Version 17
VisualStudioVersion = 17.0.32126.317
MinimumVisualStudioVersion = 10.0.40219.1
Project("{FAE04EC0-301F-11D3-BF4B-00C04F79EFBC}") = "Ejemplo07", "Ejemplo07\Ejemplo07.csproj", "{4171FE39-D519-4D8A-9920-FDAE6997E6DC}"
EndProject
Global
	GlobalSection(SolutionConfigurationPlatforms) = preSolution
		Debug|Any CPU = Debug|Any CPU
		Release|Any CPU = Release|Any CPU
	EndGlobalSection
	GlobalSection(ProjectConfigurationPlatforms) = postSolution
		{4171FE39-D519-4D8A-9920-FDAE6997E6DC}.Debug|Any CPU.ActiveCfg = Debug|Any CPU
		{4171FE39-D519-4D8A-9920-FDAE6997E6DC}.Debug|Any CPU.Build.0 = Debug|Any CPU
		{4171FE39-D519-4D8A-9920-FDAE6997E6DC}.Release|Any CPU.ActiveCfg = Release|Any CPU
		{4171FE39-D519-4D8A-9920-FDAE6997E6DC}.Release|Any CPU.Build.0 = Release|Any CPU
	EndGlobalSection
	GlobalSection(SolutionProperties) = preSolution
		HideSolutionNode = FALSE
	EndGlobalSection
	GlobalSection(ExtensibilityGlobals) = postSolution
		SolutionGuid = {DB1029FF-7391-4D99-9E1D-75C97AAA35F6}
	EndGlobalSection
EndGlobal
