
Microsoft Visual Studio Solution File, Format Version 12.00
# Visual Studio Version 17
VisualStudioVersion = 17.0.32126.317
MinimumVisualStudioVersion = 10.0.40219.1
Project("{FAE04EC0-301F-11D3-BF4B-00C04F79EFBC}") = "Ejemplo02", "Ejemplo02\Ejemplo02.csproj", "{6FDF2CA8-E756-4AAE-92D6-BEF12153128B}"
EndProject
Global
	GlobalSection(SolutionConfigurationPlatforms) = preSolution
		Debug|Any CPU = Debug|Any CPU
		Release|Any CPU = Release|Any CPU
	EndGlobalSection
	GlobalSection(ProjectConfigurationPlatforms) = postSolution
		{6FDF2CA8-E756-4AAE-92D6-BEF12153128B}.Debug|Any CPU.ActiveCfg = Debug|Any CPU
		{6FDF2CA8-E756-4AAE-92D6-BEF12153128B}.Debug|Any CPU.Build.0 = Debug|Any CPU
		{6FDF2CA8-E756-4AAE-92D6-BEF12153128B}.Release|Any CPU.ActiveCfg = Release|Any CPU
		{6FDF2CA8-E756-4AAE-92D6-BEF12153128B}.Release|Any CPU.Build.0 = Release|Any CPU
	EndGlobalSection
	GlobalSection(SolutionProperties) = preSolution
		HideSolutionNode = FALSE
	EndGlobalSection
	GlobalSection(ExtensibilityGlobals) = postSolution
		SolutionGuid = {0BF3ADB0-1367-4996-8210-A3EE05A81A47}
	EndGlobalSection
EndGlobal
