
Microsoft Visual Studio Solution File, Format Version 12.00
# Visual Studio Version 17
VisualStudioVersion = 17.0.32126.317
MinimumVisualStudioVersion = 10.0.40219.1
Project("{FAE04EC0-301F-11D3-BF4B-00C04F79EFBC}") = "Tarea11", "Tarea11\Tarea11.csproj", "{889F18D2-51DC-4FF9-A76E-7FD4E07949C6}"
EndProject
Global
	GlobalSection(SolutionConfigurationPlatforms) = preSolution
		Debug|Any CPU = Debug|Any CPU
		Release|Any CPU = Release|Any CPU
	EndGlobalSection
	GlobalSection(ProjectConfigurationPlatforms) = postSolution
		{889F18D2-51DC-4FF9-A76E-7FD4E07949C6}.Debug|Any CPU.ActiveCfg = Debug|Any CPU
		{889F18D2-51DC-4FF9-A76E-7FD4E07949C6}.Debug|Any CPU.Build.0 = Debug|Any CPU
		{889F18D2-51DC-4FF9-A76E-7FD4E07949C6}.Release|Any CPU.ActiveCfg = Release|Any CPU
		{889F18D2-51DC-4FF9-A76E-7FD4E07949C6}.Release|Any CPU.Build.0 = Release|Any CPU
	EndGlobalSection
	GlobalSection(SolutionProperties) = preSolution
		HideSolutionNode = FALSE
	EndGlobalSection
	GlobalSection(ExtensibilityGlobals) = postSolution
		SolutionGuid = {303D1FF3-EA68-4ADD-B493-4CE6BA99438C}
	EndGlobalSection
EndGlobal
